
Microsoft Visual Studio Solution File, Format Version 12.00
# Visual Studio Version 17
VisualStudioVersion = 17.4.33205.214
MinimumVisualStudioVersion = 10.0.40219.1
Project("{FAE04EC0-301F-11D3-BF4B-00C04F79EFBC}") = "RoundRobin", "RoundRobin\RoundRobin.csproj", "{0F9DD33F-E7B7-44FA-A1A3-26FBB1F7486C}"
EndProject
Global
	GlobalSection(SolutionConfigurationPlatforms) = preSolution
		Debug|Any CPU = Debug|Any CPU
		Release|Any CPU = Release|Any CPU
	EndGlobalSection
	GlobalSection(ProjectConfigurationPlatforms) = postSolution
		{0F9DD33F-E7B7-44FA-A1A3-26FBB1F7486C}.Debug|Any CPU.ActiveCfg = Debug|Any CPU
		{0F9DD33F-E7B7-44FA-A1A3-26FBB1F7486C}.Debug|Any CPU.Build.0 = Debug|Any CPU
		{0F9DD33F-E7B7-44FA-A1A3-26FBB1F7486C}.Release|Any CPU.ActiveCfg = Release|Any CPU
		{0F9DD33F-E7B7-44FA-A1A3-26FBB1F7486C}.Release|Any CPU.Build.0 = Release|Any CPU
	EndGlobalSection
	GlobalSection(SolutionProperties) = preSolution
		HideSolutionNode = FALSE
	EndGlobalSection
	GlobalSection(ExtensibilityGlobals) = postSolution
		SolutionGuid = {98E9CEBC-3F8F-408B-8764-209FE222F97F}
	EndGlobalSection
EndGlobal
